// !$*UTF8*$!
{
	archiveVersion = 1;
	classes = {
	};
	objectVersion = 46;
	objects = {

/* Begin PBXBuildFile section */
		05D03BB293532228BD8C67E3 /* Pods_Ameren_EV_HubUITests.framework in Frameworks */ = {isa = PBXBuildFile; fileRef = 927A9E2492E43C6A62459C5D /* Pods_Ameren_EV_HubUITests.framework */; };
		1D14D99F1EE73BCD0021665D /* data in Resources */ = {isa = PBXBuildFile; fileRef = 1D14D99B1EE73BCD0021665D /* data */; };
		1D14D9A01EE73BCD0021665D /* Map.storyboard in Resources */ = {isa = PBXBuildFile; fileRef = 1D14D99C1EE73BCD0021665D /* Map.storyboard */; };
		1D14D9A11EE73BCD0021665D /* ParkingSatelliteViewController.swift in Sources */ = {isa = PBXBuildFile; fileRef = 1D14D99D1EE73BCD0021665D /* ParkingSatelliteViewController.swift */; };
		1D14D9A21EE73BCD0021665D /* ParkingSpotAnnotation.swift in Sources */ = {isa = PBXBuildFile; fileRef = 1D14D99E1EE73BCD0021665D /* ParkingSpotAnnotation.swift */; };
		1D7050891ED5E11300F906F7 /* AppDelegate.swift in Sources */ = {isa = PBXBuildFile; fileRef = 1D7050881ED5E11300F906F7 /* AppDelegate.swift */; };
		1D70508B1ED5E11300F906F7 /* ViewController.swift in Sources */ = {isa = PBXBuildFile; fileRef = 1D70508A1ED5E11300F906F7 /* ViewController.swift */; };
		1D70508E1ED5E11300F906F7 /* Main.storyboard in Resources */ = {isa = PBXBuildFile; fileRef = 1D70508C1ED5E11300F906F7 /* Main.storyboard */; };
		1D7050901ED5E11300F906F7 /* Assets.xcassets in Resources */ = {isa = PBXBuildFile; fileRef = 1D70508F1ED5E11300F906F7 /* Assets.xcassets */; };
		1D7050931ED5E11300F906F7 /* LaunchScreen.storyboard in Resources */ = {isa = PBXBuildFile; fileRef = 1D7050911ED5E11300F906F7 /* LaunchScreen.storyboard */; };
		1D70509E1ED5E11400F906F7 /* Ameren_EV_HubTests.swift in Sources */ = {isa = PBXBuildFile; fileRef = 1D70509D1ED5E11400F906F7 /* Ameren_EV_HubTests.swift */; };
		1D7050A91ED5E11400F906F7 /* Ameren_EV_HubUITests.swift in Sources */ = {isa = PBXBuildFile; fileRef = 1D7050A81ED5E11400F906F7 /* Ameren_EV_HubUITests.swift */; };
		492FE85A7DD2B7C41A8B167E /* Pods_Ameren_EV_Hub.framework in Frameworks */ = {isa = PBXBuildFile; fileRef = 06CDFA1FD8C61592E2805326 /* Pods_Ameren_EV_Hub.framework */; };
		8EC5815235B51CDD74B6E190 /* Pods_Ameren_EV_HubTests.framework in Frameworks */ = {isa = PBXBuildFile; fileRef = CF9DD9188B9D65880BF4FE2A /* Pods_Ameren_EV_HubTests.framework */; };
		FB0AF7D01ED5E76600884FCA /* GoogleService-Info.plist in Resources */ = {isa = PBXBuildFile; fileRef = FB0AF7CF1ED5E76600884FCA /* GoogleService-Info.plist */; };
		FB0AF7D21ED5E85400884FCA /* Podfile in Resources */ = {isa = PBXBuildFile; fileRef = FB0AF7D11ED5E85400884FCA /* Podfile */; };
		FB0AF7D81ED6097900884FCA /* ResetPasswordViewController.swift in Sources */ = {isa = PBXBuildFile; fileRef = FB0AF7D71ED6097900884FCA /* ResetPasswordViewController.swift */; };
		FB0AF7DA1ED6098800884FCA /* CreateUserViewController.swift in Sources */ = {isa = PBXBuildFile; fileRef = FB0AF7D91ED6098800884FCA /* CreateUserViewController.swift */; };
		FB0AF7DC1ED6099400884FCA /* LoginViewController.swift in Sources */ = {isa = PBXBuildFile; fileRef = FB0AF7DB1ED6099400884FCA /* LoginViewController.swift */; };
		FB0AF7E01ED886A900884FCA /* NavViewController.swift in Sources */ = {isa = PBXBuildFile; fileRef = FB0AF7DF1ED886A900884FCA /* NavViewController.swift */; };
		FB0AF7E41ED8B4F500884FCA /* AlertMeViewController.swift in Sources */ = {isa = PBXBuildFile; fileRef = FB0AF7E31ED8B4F500884FCA /* AlertMeViewController.swift */; };
/* End PBXBuildFile section */

/* Begin PBXContainerItemProxy section */
		1D70509A1ED5E11400F906F7 /* PBXContainerItemProxy */ = {
			isa = PBXContainerItemProxy;
			containerPortal = 1D70507D1ED5E11300F906F7 /* Project object */;
			proxyType = 1;
			remoteGlobalIDString = 1D7050841ED5E11300F906F7;
			remoteInfo = "Ameren EV Hub";
		};
		1D7050A51ED5E11400F906F7 /* PBXContainerItemProxy */ = {
			isa = PBXContainerItemProxy;
			containerPortal = 1D70507D1ED5E11300F906F7 /* Project object */;
			proxyType = 1;
			remoteGlobalIDString = 1D7050841ED5E11300F906F7;
			remoteInfo = "Ameren EV Hub";
		};
/* End PBXContainerItemProxy section */

/* Begin PBXFileReference section */
		06CDFA1FD8C61592E2805326 /* Pods_Ameren_EV_Hub.framework */ = {isa = PBXFileReference; explicitFileType = wrapper.framework; includeInIndex = 0; path = Pods_Ameren_EV_Hub.framework; sourceTree = BUILT_PRODUCTS_DIR; };
		0A4A0336380EA6066A901C8C /* Pods-Ameren EV Hub.release.xcconfig */ = {isa = PBXFileReference; includeInIndex = 1; lastKnownFileType = text.xcconfig; name = "Pods-Ameren EV Hub.release.xcconfig"; path = "Pods/Target Support Files/Pods-Ameren EV Hub/Pods-Ameren EV Hub.release.xcconfig"; sourceTree = "<group>"; };
		1D14D99B1EE73BCD0021665D /* data */ = {isa = PBXFileReference; lastKnownFileType = folder; path = data; sourceTree = "<group>"; };
		1D14D99C1EE73BCD0021665D /* Map.storyboard */ = {isa = PBXFileReference; fileEncoding = 4; lastKnownFileType = file.storyboard; path = Map.storyboard; sourceTree = "<group>"; };
		1D14D99D1EE73BCD0021665D /* ParkingSatelliteViewController.swift */ = {isa = PBXFileReference; fileEncoding = 4; lastKnownFileType = sourcecode.swift; path = ParkingSatelliteViewController.swift; sourceTree = "<group>"; };
		1D14D99E1EE73BCD0021665D /* ParkingSpotAnnotation.swift */ = {isa = PBXFileReference; fileEncoding = 4; lastKnownFileType = sourcecode.swift; path = ParkingSpotAnnotation.swift; sourceTree = "<group>"; };
		1D7050851ED5E11300F906F7 /* Ameren EV Hub.app */ = {isa = PBXFileReference; explicitFileType = wrapper.application; includeInIndex = 0; path = "Ameren EV Hub.app"; sourceTree = BUILT_PRODUCTS_DIR; };
		1D7050881ED5E11300F906F7 /* AppDelegate.swift */ = {isa = PBXFileReference; lastKnownFileType = sourcecode.swift; path = AppDelegate.swift; sourceTree = "<group>"; };
		1D70508A1ED5E11300F906F7 /* ViewController.swift */ = {isa = PBXFileReference; lastKnownFileType = sourcecode.swift; path = ViewController.swift; sourceTree = "<group>"; };
		1D70508D1ED5E11300F906F7 /* Base */ = {isa = PBXFileReference; lastKnownFileType = file.storyboard; name = Base; path = Base.lproj/Main.storyboard; sourceTree = "<group>"; };
		1D70508F1ED5E11300F906F7 /* Assets.xcassets */ = {isa = PBXFileReference; lastKnownFileType = folder.assetcatalog; path = Assets.xcassets; sourceTree = "<group>"; };
		1D7050921ED5E11300F906F7 /* Base */ = {isa = PBXFileReference; lastKnownFileType = file.storyboard; name = Base; path = Base.lproj/LaunchScreen.storyboard; sourceTree = "<group>"; };
		1D7050941ED5E11300F906F7 /* Info.plist */ = {isa = PBXFileReference; lastKnownFileType = text.plist.xml; path = Info.plist; sourceTree = "<group>"; };
		1D7050991ED5E11400F906F7 /* Ameren EV HubTests.xctest */ = {isa = PBXFileReference; explicitFileType = wrapper.cfbundle; includeInIndex = 0; path = "Ameren EV HubTests.xctest"; sourceTree = BUILT_PRODUCTS_DIR; };
		1D70509D1ED5E11400F906F7 /* Ameren_EV_HubTests.swift */ = {isa = PBXFileReference; lastKnownFileType = sourcecode.swift; path = Ameren_EV_HubTests.swift; sourceTree = "<group>"; };
		1D70509F1ED5E11400F906F7 /* Info.plist */ = {isa = PBXFileReference; lastKnownFileType = text.plist.xml; path = Info.plist; sourceTree = "<group>"; };
		1D7050A41ED5E11400F906F7 /* Ameren EV HubUITests.xctest */ = {isa = PBXFileReference; explicitFileType = wrapper.cfbundle; includeInIndex = 0; path = "Ameren EV HubUITests.xctest"; sourceTree = BUILT_PRODUCTS_DIR; };
		1D7050A81ED5E11400F906F7 /* Ameren_EV_HubUITests.swift */ = {isa = PBXFileReference; lastKnownFileType = sourcecode.swift; path = Ameren_EV_HubUITests.swift; sourceTree = "<group>"; };
		1D7050AA1ED5E11400F906F7 /* Info.plist */ = {isa = PBXFileReference; lastKnownFileType = text.plist.xml; path = Info.plist; sourceTree = "<group>"; };
		27EFE9D63EF4FA2A886AC6D2 /* Pods-Ameren EV HubTests.debug.xcconfig */ = {isa = PBXFileReference; includeInIndex = 1; lastKnownFileType = text.xcconfig; name = "Pods-Ameren EV HubTests.debug.xcconfig"; path = "Pods/Target Support Files/Pods-Ameren EV HubTests/Pods-Ameren EV HubTests.debug.xcconfig"; sourceTree = "<group>"; };
		4DC0091B5A9063F358D12106 /* Pods-Ameren EV HubUITests.release.xcconfig */ = {isa = PBXFileReference; includeInIndex = 1; lastKnownFileType = text.xcconfig; name = "Pods-Ameren EV HubUITests.release.xcconfig"; path = "Pods/Target Support Files/Pods-Ameren EV HubUITests/Pods-Ameren EV HubUITests.release.xcconfig"; sourceTree = "<group>"; };
		927A9E2492E43C6A62459C5D /* Pods_Ameren_EV_HubUITests.framework */ = {isa = PBXFileReference; explicitFileType = wrapper.framework; includeInIndex = 0; path = Pods_Ameren_EV_HubUITests.framework; sourceTree = BUILT_PRODUCTS_DIR; };
		CAE80F5CD60B76DC601FCFB4 /* Pods-Ameren EV Hub.debug.xcconfig */ = {isa = PBXFileReference; includeInIndex = 1; lastKnownFileType = text.xcconfig; name = "Pods-Ameren EV Hub.debug.xcconfig"; path = "Pods/Target Support Files/Pods-Ameren EV Hub/Pods-Ameren EV Hub.debug.xcconfig"; sourceTree = "<group>"; };
		CF9DD9188B9D65880BF4FE2A /* Pods_Ameren_EV_HubTests.framework */ = {isa = PBXFileReference; explicitFileType = wrapper.framework; includeInIndex = 0; path = Pods_Ameren_EV_HubTests.framework; sourceTree = BUILT_PRODUCTS_DIR; };
		E71A9BFE1C52449BD076C6E7 /* Pods-Ameren EV HubTests.release.xcconfig */ = {isa = PBXFileReference; includeInIndex = 1; lastKnownFileType = text.xcconfig; name = "Pods-Ameren EV HubTests.release.xcconfig"; path = "Pods/Target Support Files/Pods-Ameren EV HubTests/Pods-Ameren EV HubTests.release.xcconfig"; sourceTree = "<group>"; };
		F0EB800D7203DF2FC52E4142 /* Pods-Ameren EV HubUITests.debug.xcconfig */ = {isa = PBXFileReference; includeInIndex = 1; lastKnownFileType = text.xcconfig; name = "Pods-Ameren EV HubUITests.debug.xcconfig"; path = "Pods/Target Support Files/Pods-Ameren EV HubUITests/Pods-Ameren EV HubUITests.debug.xcconfig"; sourceTree = "<group>"; };
		FB0AF7CF1ED5E76600884FCA /* GoogleService-Info.plist */ = {isa = PBXFileReference; fileEncoding = 4; lastKnownFileType = text.plist.xml; path = "GoogleService-Info.plist"; sourceTree = "<group>"; };
		FB0AF7D11ED5E85400884FCA /* Podfile */ = {isa = PBXFileReference; fileEncoding = 4; lastKnownFileType = text; path = Podfile; sourceTree = "<group>"; xcLanguageSpecificationIdentifier = xcode.lang.ruby; };
		FB0AF7D71ED6097900884FCA /* ResetPasswordViewController.swift */ = {isa = PBXFileReference; fileEncoding = 4; lastKnownFileType = sourcecode.swift; path = ResetPasswordViewController.swift; sourceTree = "<group>"; };
		FB0AF7D91ED6098800884FCA /* CreateUserViewController.swift */ = {isa = PBXFileReference; fileEncoding = 4; lastKnownFileType = sourcecode.swift; path = CreateUserViewController.swift; sourceTree = "<group>"; };
		FB0AF7DB1ED6099400884FCA /* LoginViewController.swift */ = {isa = PBXFileReference; fileEncoding = 4; lastKnownFileType = sourcecode.swift; path = LoginViewController.swift; sourceTree = "<group>"; };
		FB0AF7DF1ED886A900884FCA /* NavViewController.swift */ = {isa = PBXFileReference; fileEncoding = 4; lastKnownFileType = sourcecode.swift; path = NavViewController.swift; sourceTree = "<group>"; };
		FB0AF7E31ED8B4F500884FCA /* AlertMeViewController.swift */ = {isa = PBXFileReference; fileEncoding = 4; lastKnownFileType = sourcecode.swift; path = AlertMeViewController.swift; sourceTree = "<group>"; };
		FB205DA71EE0B54A00708ED2 /* Ameren EV Hub.entitlements */ = {isa = PBXFileReference; lastKnownFileType = text.plist.entitlements; path = "Ameren EV Hub.entitlements"; sourceTree = "<group>"; };
/* End PBXFileReference section */

/* Begin PBXFrameworksBuildPhase section */
		1D7050821ED5E11300F906F7 /* Frameworks */ = {
			isa = PBXFrameworksBuildPhase;
			buildActionMask = 2147483647;
			files = (
				492FE85A7DD2B7C41A8B167E /* Pods_Ameren_EV_Hub.framework in Frameworks */,
			);
			runOnlyForDeploymentPostprocessing = 0;
		};
		1D7050961ED5E11400F906F7 /* Frameworks */ = {
			isa = PBXFrameworksBuildPhase;
			buildActionMask = 2147483647;
			files = (
				8EC5815235B51CDD74B6E190 /* Pods_Ameren_EV_HubTests.framework in Frameworks */,
			);
			runOnlyForDeploymentPostprocessing = 0;
		};
		1D7050A11ED5E11400F906F7 /* Frameworks */ = {
			isa = PBXFrameworksBuildPhase;
			buildActionMask = 2147483647;
			files = (
				05D03BB293532228BD8C67E3 /* Pods_Ameren_EV_HubUITests.framework in Frameworks */,
			);
			runOnlyForDeploymentPostprocessing = 0;
		};
/* End PBXFrameworksBuildPhase section */

/* Begin PBXGroup section */
		0C0CDF2EF03C7D1253D4F9EF /* Pods */ = {
			isa = PBXGroup;
			children = (
				CAE80F5CD60B76DC601FCFB4 /* Pods-Ameren EV Hub.debug.xcconfig */,
				0A4A0336380EA6066A901C8C /* Pods-Ameren EV Hub.release.xcconfig */,
				27EFE9D63EF4FA2A886AC6D2 /* Pods-Ameren EV HubTests.debug.xcconfig */,
				E71A9BFE1C52449BD076C6E7 /* Pods-Ameren EV HubTests.release.xcconfig */,
				F0EB800D7203DF2FC52E4142 /* Pods-Ameren EV HubUITests.debug.xcconfig */,
				4DC0091B5A9063F358D12106 /* Pods-Ameren EV HubUITests.release.xcconfig */,
			);
			name = Pods;
			sourceTree = "<group>";
		};
		0E4958FDC06A837FB1961873 /* Frameworks */ = {
			isa = PBXGroup;
			children = (
				06CDFA1FD8C61592E2805326 /* Pods_Ameren_EV_Hub.framework */,
				CF9DD9188B9D65880BF4FE2A /* Pods_Ameren_EV_HubTests.framework */,
				927A9E2492E43C6A62459C5D /* Pods_Ameren_EV_HubUITests.framework */,
			);
			name = Frameworks;
			sourceTree = "<group>";
		};
		1D70507C1ED5E11300F906F7 = {
			isa = PBXGroup;
			children = (
				FB0AF7D11ED5E85400884FCA /* Podfile */,
				1D7050871ED5E11300F906F7 /* Ameren EV Hub */,
				1D70509C1ED5E11400F906F7 /* Ameren EV HubTests */,
				1D7050A71ED5E11400F906F7 /* Ameren EV HubUITests */,
				1D7050861ED5E11300F906F7 /* Products */,
				0C0CDF2EF03C7D1253D4F9EF /* Pods */,
				0E4958FDC06A837FB1961873 /* Frameworks */,
			);
			sourceTree = "<group>";
		};
		1D7050861ED5E11300F906F7 /* Products */ = {
			isa = PBXGroup;
			children = (
				1D7050851ED5E11300F906F7 /* Ameren EV Hub.app */,
				1D7050991ED5E11400F906F7 /* Ameren EV HubTests.xctest */,
				1D7050A41ED5E11400F906F7 /* Ameren EV HubUITests.xctest */,
			);
			name = Products;
			sourceTree = "<group>";
		};
		1D7050871ED5E11300F906F7 /* Ameren EV Hub */ = {
			isa = PBXGroup;
			children = (
				1D14D99B1EE73BCD0021665D /* data */,
				1D14D99C1EE73BCD0021665D /* Map.storyboard */,
				1D14D99D1EE73BCD0021665D /* ParkingSatelliteViewController.swift */,
				1D14D99E1EE73BCD0021665D /* ParkingSpotAnnotation.swift */,
				FB205DA71EE0B54A00708ED2 /* Ameren EV Hub.entitlements */,
				FB0AF7CF1ED5E76600884FCA /* GoogleService-Info.plist */,
				1D7050881ED5E11300F906F7 /* AppDelegate.swift */,
				1D70508A1ED5E11300F906F7 /* ViewController.swift */,
				FB0AF7D71ED6097900884FCA /* ResetPasswordViewController.swift */,
				FB0AF7D91ED6098800884FCA /* CreateUserViewController.swift */,
				FB0AF7DB1ED6099400884FCA /* LoginViewController.swift */,
				1D70508C1ED5E11300F906F7 /* Main.storyboard */,
				FB0AF7DF1ED886A900884FCA /* NavViewController.swift */,
				1D70508F1ED5E11300F906F7 /* Assets.xcassets */,
				1D7050911ED5E11300F906F7 /* LaunchScreen.storyboard */,
				1D7050941ED5E11300F906F7 /* Info.plist */,
				FB0AF7E31ED8B4F500884FCA /* AlertMeViewController.swift */,
			);
			path = "Ameren EV Hub";
			sourceTree = "<group>";
		};
		1D70509C1ED5E11400F906F7 /* Ameren EV HubTests */ = {
			isa = PBXGroup;
			children = (
				1D70509D1ED5E11400F906F7 /* Ameren_EV_HubTests.swift */,
				1D70509F1ED5E11400F906F7 /* Info.plist */,
			);
			path = "Ameren EV HubTests";
			sourceTree = "<group>";
		};
		1D7050A71ED5E11400F906F7 /* Ameren EV HubUITests */ = {
			isa = PBXGroup;
			children = (
				1D7050A81ED5E11400F906F7 /* Ameren_EV_HubUITests.swift */,
				1D7050AA1ED5E11400F906F7 /* Info.plist */,
			);
			path = "Ameren EV HubUITests";
			sourceTree = "<group>";
		};
/* End PBXGroup section */

/* Begin PBXNativeTarget section */
		1D7050841ED5E11300F906F7 /* Ameren EV Hub */ = {
			isa = PBXNativeTarget;
			buildConfigurationList = 1D7050AD1ED5E11400F906F7 /* Build configuration list for PBXNativeTarget "Ameren EV Hub" */;
			buildPhases = (
				54DF9536187A0545B1E86CB4 /* [CP] Check Pods Manifest.lock */,
				1D7050811ED5E11300F906F7 /* Sources */,
				1D7050821ED5E11300F906F7 /* Frameworks */,
				1D7050831ED5E11300F906F7 /* Resources */,
				2CC31FDC57CC022BA56A107A /* [CP] Embed Pods Frameworks */,
				B34F15B4F661F9EA13DE92E6 /* [CP] Copy Pods Resources */,
			);
			buildRules = (
			);
			dependencies = (
			);
			name = "Ameren EV Hub";
			productName = "Ameren EV Hub";
			productReference = 1D7050851ED5E11300F906F7 /* Ameren EV Hub.app */;
			productType = "com.apple.product-type.application";
		};
		1D7050981ED5E11400F906F7 /* Ameren EV HubTests */ = {
			isa = PBXNativeTarget;
			buildConfigurationList = 1D7050B01ED5E11400F906F7 /* Build configuration list for PBXNativeTarget "Ameren EV HubTests" */;
			buildPhases = (
				BFFF210317CC28BF04CDC7F7 /* [CP] Check Pods Manifest.lock */,
				1D7050951ED5E11400F906F7 /* Sources */,
				1D7050961ED5E11400F906F7 /* Frameworks */,
				1D7050971ED5E11400F906F7 /* Resources */,
				1F9A154710563D6048D5B3E1 /* [CP] Embed Pods Frameworks */,
				684C6DD982AECC0FA0C48549 /* [CP] Copy Pods Resources */,
			);
			buildRules = (
			);
			dependencies = (
				1D70509B1ED5E11400F906F7 /* PBXTargetDependency */,
			);
			name = "Ameren EV HubTests";
			productName = "Ameren EV HubTests";
			productReference = 1D7050991ED5E11400F906F7 /* Ameren EV HubTests.xctest */;
			productType = "com.apple.product-type.bundle.unit-test";
		};
		1D7050A31ED5E11400F906F7 /* Ameren EV HubUITests */ = {
			isa = PBXNativeTarget;
			buildConfigurationList = 1D7050B31ED5E11400F906F7 /* Build configuration list for PBXNativeTarget "Ameren EV HubUITests" */;
			buildPhases = (
				A33ABB8270D452A2D1466E21 /* [CP] Check Pods Manifest.lock */,
				1D7050A01ED5E11400F906F7 /* Sources */,
				1D7050A11ED5E11400F906F7 /* Frameworks */,
				1D7050A21ED5E11400F906F7 /* Resources */,
				0704B094127C4B74DA22F340 /* [CP] Embed Pods Frameworks */,
				D4B3BF52DB87E742E95B4FC7 /* [CP] Copy Pods Resources */,
			);
			buildRules = (
			);
			dependencies = (
				1D7050A61ED5E11400F906F7 /* PBXTargetDependency */,
			);
			name = "Ameren EV HubUITests";
			productName = "Ameren EV HubUITests";
			productReference = 1D7050A41ED5E11400F906F7 /* Ameren EV HubUITests.xctest */;
			productType = "com.apple.product-type.bundle.ui-testing";
		};
/* End PBXNativeTarget section */

/* Begin PBXProject section */
		1D70507D1ED5E11300F906F7 /* Project object */ = {
			isa = PBXProject;
			attributes = {
				LastSwiftUpdateCheck = 0830;
				LastUpgradeCheck = 0830;
				ORGANIZATIONNAME = Ameren;
				TargetAttributes = {
					1D7050841ED5E11300F906F7 = {
						CreatedOnToolsVersion = 8.3.2;
						DevelopmentTeam = 5JX6H3NBJV;
						ProvisioningStyle = Automatic;
						SystemCapabilities = {
							com.apple.Push = {
								enabled = 1;
							};
						};
					};
					1D7050981ED5E11400F906F7 = {
						CreatedOnToolsVersion = 8.3.2;
						DevelopmentTeam = 5JX6H3NBJV;
						ProvisioningStyle = Automatic;
						TestTargetID = 1D7050841ED5E11300F906F7;
					};
					1D7050A31ED5E11400F906F7 = {
						CreatedOnToolsVersion = 8.3.2;
						DevelopmentTeam = 5JX6H3NBJV;
						ProvisioningStyle = Automatic;
						TestTargetID = 1D7050841ED5E11300F906F7;
					};
				};
			};
			buildConfigurationList = 1D7050801ED5E11300F906F7 /* Build configuration list for PBXProject "Ameren EV Hub" */;
			compatibilityVersion = "Xcode 3.2";
			developmentRegion = English;
			hasScannedForEncodings = 0;
			knownRegions = (
				en,
				Base,
			);
			mainGroup = 1D70507C1ED5E11300F906F7;
			productRefGroup = 1D7050861ED5E11300F906F7 /* Products */;
			projectDirPath = "";
			projectRoot = "";
			targets = (
				1D7050841ED5E11300F906F7 /* Ameren EV Hub */,
				1D7050981ED5E11400F906F7 /* Ameren EV HubTests */,
				1D7050A31ED5E11400F906F7 /* Ameren EV HubUITests */,
			);
		};
/* End PBXProject section */

/* Begin PBXResourcesBuildPhase section */
		1D7050831ED5E11300F906F7 /* Resources */ = {
			isa = PBXResourcesBuildPhase;
			buildActionMask = 2147483647;
			files = (
				FB0AF7D21ED5E85400884FCA /* Podfile in Resources */,
				1D14D9A01EE73BCD0021665D /* Map.storyboard in Resources */,
				1D7050931ED5E11300F906F7 /* LaunchScreen.storyboard in Resources */,
				FB0AF7D01ED5E76600884FCA /* GoogleService-Info.plist in Resources */,
				1D7050901ED5E11300F906F7 /* Assets.xcassets in Resources */,
				1D14D99F1EE73BCD0021665D /* data in Resources */,
				1D70508E1ED5E11300F906F7 /* Main.storyboard in Resources */,
			);
			runOnlyForDeploymentPostprocessing = 0;
		};
		1D7050971ED5E11400F906F7 /* Resources */ = {
			isa = PBXResourcesBuildPhase;
			buildActionMask = 2147483647;
			files = (
			);
			runOnlyForDeploymentPostprocessing = 0;
		};
		1D7050A21ED5E11400F906F7 /* Resources */ = {
			isa = PBXResourcesBuildPhase;
			buildActionMask = 2147483647;
			files = (
			);
			runOnlyForDeploymentPostprocessing = 0;
		};
/* End PBXResourcesBuildPhase section */

/* Begin PBXShellScriptBuildPhase section */
		0704B094127C4B74DA22F340 /* [CP] Embed Pods Frameworks */ = {
			isa = PBXShellScriptBuildPhase;
			buildActionMask = 2147483647;
			files = (
			);
			inputPaths = (
			);
			name = "[CP] Embed Pods Frameworks";
			outputPaths = (
			);
			runOnlyForDeploymentPostprocessing = 0;
			shellPath = /bin/sh;
			shellScript = "\"${SRCROOT}/Pods/Target Support Files/Pods-Ameren EV HubUITests/Pods-Ameren EV HubUITests-frameworks.sh\"\n";
			showEnvVarsInLog = 0;
		};
		1F9A154710563D6048D5B3E1 /* [CP] Embed Pods Frameworks */ = {
			isa = PBXShellScriptBuildPhase;
			buildActionMask = 2147483647;
			files = (
			);
			inputPaths = (
			);
			name = "[CP] Embed Pods Frameworks";
			outputPaths = (
			);
			runOnlyForDeploymentPostprocessing = 0;
			shellPath = /bin/sh;
			shellScript = "\"${SRCROOT}/Pods/Target Support Files/Pods-Ameren EV HubTests/Pods-Ameren EV HubTests-frameworks.sh\"\n";
			showEnvVarsInLog = 0;
		};
		2CC31FDC57CC022BA56A107A /* [CP] Embed Pods Frameworks */ = {
			isa = PBXShellScriptBuildPhase;
			buildActionMask = 2147483647;
			files = (
			);
			inputPaths = (
			);
			name = "[CP] Embed Pods Frameworks";
			outputPaths = (
			);
			runOnlyForDeploymentPostprocessing = 0;
			shellPath = /bin/sh;
			shellScript = "\"${SRCROOT}/Pods/Target Support Files/Pods-Ameren EV Hub/Pods-Ameren EV Hub-frameworks.sh\"\n";
			showEnvVarsInLog = 0;
		};
		54DF9536187A0545B1E86CB4 /* [CP] Check Pods Manifest.lock */ = {
			isa = PBXShellScriptBuildPhase;
			buildActionMask = 2147483647;
			files = (
			);
			inputPaths = (
			);
			name = "[CP] Check Pods Manifest.lock";
			outputPaths = (
			);
			runOnlyForDeploymentPostprocessing = 0;
			shellPath = /bin/sh;
			shellScript = "diff \"${PODS_PODFILE_DIR_PATH}/Podfile.lock\" \"${PODS_ROOT}/Manifest.lock\" > /dev/null\nif [ $? != 0 ] ; then\n    # print error to STDERR\n    echo \"error: The sandbox is not in sync with the Podfile.lock. Run 'pod install' or update your CocoaPods installation.\" >&2\n    exit 1\nfi\n";
			showEnvVarsInLog = 0;
		};
		684C6DD982AECC0FA0C48549 /* [CP] Copy Pods Resources */ = {
			isa = PBXShellScriptBuildPhase;
			buildActionMask = 2147483647;
			files = (
			);
			inputPaths = (
			);
			name = "[CP] Copy Pods Resources";
			outputPaths = (
			);
			runOnlyForDeploymentPostprocessing = 0;
			shellPath = /bin/sh;
			shellScript = "\"${SRCROOT}/Pods/Target Support Files/Pods-Ameren EV HubTests/Pods-Ameren EV HubTests-resources.sh\"\n";
			showEnvVarsInLog = 0;
		};
		A33ABB8270D452A2D1466E21 /* [CP] Check Pods Manifest.lock */ = {
			isa = PBXShellScriptBuildPhase;
			buildActionMask = 2147483647;
			files = (
			);
			inputPaths = (
			);
			name = "[CP] Check Pods Manifest.lock";
			outputPaths = (
			);
			runOnlyForDeploymentPostprocessing = 0;
			shellPath = /bin/sh;
			shellScript = "diff \"${PODS_PODFILE_DIR_PATH}/Podfile.lock\" \"${PODS_ROOT}/Manifest.lock\" > /dev/null\nif [ $? != 0 ] ; then\n    # print error to STDERR\n    echo \"error: The sandbox is not in sync with the Podfile.lock. Run 'pod install' or update your CocoaPods installation.\" >&2\n    exit 1\nfi\n";
			showEnvVarsInLog = 0;
		};
		B34F15B4F661F9EA13DE92E6 /* [CP] Copy Pods Resources */ = {
			isa = PBXShellScriptBuildPhase;
			buildActionMask = 2147483647;
			files = (
			);
			inputPaths = (
			);
			name = "[CP] Copy Pods Resources";
			outputPaths = (
			);
			runOnlyForDeploymentPostprocessing = 0;
			shellPath = /bin/sh;
			shellScript = "\"${SRCROOT}/Pods/Target Support Files/Pods-Ameren EV Hub/Pods-Ameren EV Hub-resources.sh\"\n";
			showEnvVarsInLog = 0;
		};
		BFFF210317CC28BF04CDC7F7 /* [CP] Check Pods Manifest.lock */ = {
			isa = PBXShellScriptBuildPhase;
			buildActionMask = 2147483647;
			files = (
			);
			inputPaths = (
			);
			name = "[CP] Check Pods Manifest.lock";
			outputPaths = (
			);
			runOnlyForDeploymentPostprocessing = 0;
			shellPath = /bin/sh;
			shellScript = "diff \"${PODS_PODFILE_DIR_PATH}/Podfile.lock\" \"${PODS_ROOT}/Manifest.lock\" > /dev/null\nif [ $? != 0 ] ; then\n    # print error to STDERR\n    echo \"error: The sandbox is not in sync with the Podfile.lock. Run 'pod install' or update your CocoaPods installation.\" >&2\n    exit 1\nfi\n";
			showEnvVarsInLog = 0;
		};
		D4B3BF52DB87E742E95B4FC7 /* [CP] Copy Pods Resources */ = {
			isa = PBXShellScriptBuildPhase;
			buildActionMask = 2147483647;
			files = (
			);
			inputPaths = (
			);
			name = "[CP] Copy Pods Resources";
			outputPaths = (
			);
			runOnlyForDeploymentPostprocessing = 0;
			shellPath = /bin/sh;
			shellScript = "\"${SRCROOT}/Pods/Target Support Files/Pods-Ameren EV HubUITests/Pods-Ameren EV HubUITests-resources.sh\"\n";
			showEnvVarsInLog = 0;
		};
/* End PBXShellScriptBuildPhase section */

/* Begin PBXSourcesBuildPhase section */
		1D7050811ED5E11300F906F7 /* Sources */ = {
			isa = PBXSourcesBuildPhase;
			buildActionMask = 2147483647;
			files = (
				FB0AF7D81ED6097900884FCA /* ResetPasswordViewController.swift in Sources */,
				1D14D9A11EE73BCD0021665D /* ParkingSatelliteViewController.swift in Sources */,
				FB0AF7E41ED8B4F500884FCA /* AlertMeViewController.swift in Sources */,
				1D70508B1ED5E11300F906F7 /* ViewController.swift in Sources */,
				1D14D9A21EE73BCD0021665D /* ParkingSpotAnnotation.swift in Sources */,
				1D7050891ED5E11300F906F7 /* AppDelegate.swift in Sources */,
				FB0AF7DC1ED6099400884FCA /* LoginViewController.swift in Sources */,
				FB0AF7E01ED886A900884FCA /* NavViewController.swift in Sources */,
				FB0AF7DA1ED6098800884FCA /* CreateUserViewController.swift in Sources */,
			);
			runOnlyForDeploymentPostprocessing = 0;
		};
		1D7050951ED5E11400F906F7 /* Sources */ = {
			isa = PBXSourcesBuildPhase;
			buildActionMask = 2147483647;
			files = (
				1D70509E1ED5E11400F906F7 /* Ameren_EV_HubTests.swift in Sources */,
			);
			runOnlyForDeploymentPostprocessing = 0;
		};
		1D7050A01ED5E11400F906F7 /* Sources */ = {
			isa = PBXSourcesBuildPhase;
			buildActionMask = 2147483647;
			files = (
				1D7050A91ED5E11400F906F7 /* Ameren_EV_HubUITests.swift in Sources */,
			);
			runOnlyForDeploymentPostprocessing = 0;
		};
/* End PBXSourcesBuildPhase section */

/* Begin PBXTargetDependency section */
		1D70509B1ED5E11400F906F7 /* PBXTargetDependency */ = {
			isa = PBXTargetDependency;
			target = 1D7050841ED5E11300F906F7 /* Ameren EV Hub */;
			targetProxy = 1D70509A1ED5E11400F906F7 /* PBXContainerItemProxy */;
		};
		1D7050A61ED5E11400F906F7 /* PBXTargetDependency */ = {
			isa = PBXTargetDependency;
			target = 1D7050841ED5E11300F906F7 /* Ameren EV Hub */;
			targetProxy = 1D7050A51ED5E11400F906F7 /* PBXContainerItemProxy */;
		};
/* End PBXTargetDependency section */

/* Begin PBXVariantGroup section */
		1D70508C1ED5E11300F906F7 /* Main.storyboard */ = {
			isa = PBXVariantGroup;
			children = (
				1D70508D1ED5E11300F906F7 /* Base */,
			);
			name = Main.storyboard;
			sourceTree = "<group>";
		};
		1D7050911ED5E11300F906F7 /* LaunchScreen.storyboard */ = {
			isa = PBXVariantGroup;
			children = (
				1D7050921ED5E11300F906F7 /* Base */,
			);
			name = LaunchScreen.storyboard;
			sourceTree = "<group>";
		};
/* End PBXVariantGroup section */

/* Begin XCBuildConfiguration section */
		1D7050AB1ED5E11400F906F7 /* Debug */ = {
			isa = XCBuildConfiguration;
			buildSettings = {
				ALWAYS_SEARCH_USER_PATHS = NO;
				CLANG_ANALYZER_NONNULL = YES;
				CLANG_ANALYZER_NUMBER_OBJECT_CONVERSION = YES_AGGRESSIVE;
				CLANG_CXX_LANGUAGE_STANDARD = "gnu++0x";
				CLANG_CXX_LIBRARY = "libc++";
				CLANG_ENABLE_MODULES = YES;
				CLANG_ENABLE_OBJC_ARC = YES;
				CLANG_WARN_BOOL_CONVERSION = YES;
				CLANG_WARN_CONSTANT_CONVERSION = YES;
				CLANG_WARN_DIRECT_OBJC_ISA_USAGE = YES_ERROR;
				CLANG_WARN_DOCUMENTATION_COMMENTS = YES;
				CLANG_WARN_EMPTY_BODY = YES;
				CLANG_WARN_ENUM_CONVERSION = YES;
				CLANG_WARN_INFINITE_RECURSION = YES;
				CLANG_WARN_INT_CONVERSION = YES;
				CLANG_WARN_OBJC_ROOT_CLASS = YES_ERROR;
				CLANG_WARN_SUSPICIOUS_MOVE = YES;
				CLANG_WARN_UNREACHABLE_CODE = YES;
				CLANG_WARN__DUPLICATE_METHOD_MATCH = YES;
				"CODE_SIGN_IDENTITY[sdk=iphoneos*]" = "iPhone Developer";
				COPY_PHASE_STRIP = NO;
				DEBUG_INFORMATION_FORMAT = dwarf;
				ENABLE_STRICT_OBJC_MSGSEND = YES;
				ENABLE_TESTABILITY = YES;
				GCC_C_LANGUAGE_STANDARD = gnu99;
				GCC_DYNAMIC_NO_PIC = NO;
				GCC_NO_COMMON_BLOCKS = YES;
				GCC_OPTIMIZATION_LEVEL = 0;
				GCC_PREPROCESSOR_DEFINITIONS = (
					"DEBUG=1",
					"$(inherited)",
				);
				GCC_WARN_64_TO_32_BIT_CONVERSION = YES;
				GCC_WARN_ABOUT_RETURN_TYPE = YES_ERROR;
				GCC_WARN_UNDECLARED_SELECTOR = YES;
				GCC_WARN_UNINITIALIZED_AUTOS = YES_AGGRESSIVE;
				GCC_WARN_UNUSED_FUNCTION = YES;
				GCC_WARN_UNUSED_VARIABLE = YES;
				IPHONEOS_DEPLOYMENT_TARGET = 10.3;
				MTL_ENABLE_DEBUG_INFO = YES;
				ONLY_ACTIVE_ARCH = YES;
				SDKROOT = iphoneos;
				SWIFT_ACTIVE_COMPILATION_CONDITIONS = DEBUG;
				SWIFT_OPTIMIZATION_LEVEL = "-Onone";
				TARGETED_DEVICE_FAMILY = "1,2";
			};
			name = Debug;
		};
		1D7050AC1ED5E11400F906F7 /* Release */ = {
			isa = XCBuildConfiguration;
			buildSettings = {
				ALWAYS_SEARCH_USER_PATHS = NO;
				CLANG_ANALYZER_NONNULL = YES;
				CLANG_ANALYZER_NUMBER_OBJECT_CONVERSION = YES_AGGRESSIVE;
				CLANG_CXX_LANGUAGE_STANDARD = "gnu++0x";
				CLANG_CXX_LIBRARY = "libc++";
				CLANG_ENABLE_MODULES = YES;
				CLANG_ENABLE_OBJC_ARC = YES;
				CLANG_WARN_BOOL_CONVERSION = YES;
				CLANG_WARN_CONSTANT_CONVERSION = YES;
				CLANG_WARN_DIRECT_OBJC_ISA_USAGE = YES_ERROR;
				CLANG_WARN_DOCUMENTATION_COMMENTS = YES;
				CLANG_WARN_EMPTY_BODY = YES;
				CLANG_WARN_ENUM_CONVERSION = YES;
				CLANG_WARN_INFINITE_RECURSION = YES;
				CLANG_WARN_INT_CONVERSION = YES;
				CLANG_WARN_OBJC_ROOT_CLASS = YES_ERROR;
				CLANG_WARN_SUSPICIOUS_MOVE = YES;
				CLANG_WARN_UNREACHABLE_CODE = YES;
				CLANG_WARN__DUPLICATE_METHOD_MATCH = YES;
				"CODE_SIGN_IDENTITY[sdk=iphoneos*]" = "iPhone Developer";
				COPY_PHASE_STRIP = NO;
				DEBUG_INFORMATION_FORMAT = "dwarf-with-dsym";
				ENABLE_NS_ASSERTIONS = NO;
				ENABLE_STRICT_OBJC_MSGSEND = YES;
				GCC_C_LANGUAGE_STANDARD = gnu99;
				GCC_NO_COMMON_BLOCKS = YES;
				GCC_WARN_64_TO_32_BIT_CONVERSION = YES;
				GCC_WARN_ABOUT_RETURN_TYPE = YES_ERROR;
				GCC_WARN_UNDECLARED_SELECTOR = YES;
				GCC_WARN_UNINITIALIZED_AUTOS = YES_AGGRESSIVE;
				GCC_WARN_UNUSED_FUNCTION = YES;
				GCC_WARN_UNUSED_VARIABLE = YES;
				IPHONEOS_DEPLOYMENT_TARGET = 10.3;
				MTL_ENABLE_DEBUG_INFO = NO;
				SDKROOT = iphoneos;
				SWIFT_OPTIMIZATION_LEVEL = "-Owholemodule";
				TARGETED_DEVICE_FAMILY = "1,2";
				VALIDATE_PRODUCT = YES;
			};
			name = Release;
		};
		1D7050AE1ED5E11400F906F7 /* Debug */ = {
			isa = XCBuildConfiguration;
			baseConfigurationReference = CAE80F5CD60B76DC601FCFB4 /* Pods-Ameren EV Hub.debug.xcconfig */;
			buildSettings = {
				ASSETCATALOG_COMPILER_APPICON_NAME = AppIcon;
				CODE_SIGN_ENTITLEMENTS = "Ameren EV Hub/Ameren EV Hub.entitlements";
				DEVELOPMENT_TEAM = 5JX6H3NBJV;
				INFOPLIST_FILE = "Ameren EV Hub/Info.plist";
				LD_RUNPATH_SEARCH_PATHS = "$(inherited) @executable_path/Frameworks";
				PRODUCT_BUNDLE_IDENTIFIER = "Ameren.Ameren-EV-Hub";
				PRODUCT_NAME = "$(TARGET_NAME)";
				SWIFT_VERSION = 3.0;
			};
			name = Debug;
		};
		1D7050AF1ED5E11400F906F7 /* Release */ = {
			isa = XCBuildConfiguration;
			baseConfigurationReference = 0A4A0336380EA6066A901C8C /* Pods-Ameren EV Hub.release.xcconfig */;
			buildSettings = {
				ASSETCATALOG_COMPILER_APPICON_NAME = AppIcon;
				CODE_SIGN_ENTITLEMENTS = "Ameren EV Hub/Ameren EV Hub.entitlements";
				DEVELOPMENT_TEAM = 5JX6H3NBJV;
				INFOPLIST_FILE = "Ameren EV Hub/Info.plist";
				LD_RUNPATH_SEARCH_PATHS = "$(inherited) @executable_path/Frameworks";
				PRODUCT_BUNDLE_IDENTIFIER = "Ameren.Ameren-EV-Hub";
				PRODUCT_NAME = "$(TARGET_NAME)";
				SWIFT_VERSION = 3.0;
			};
			name = Release;
		};
		1D7050B11ED5E11400F906F7 /* Debug */ = {
			isa = XCBuildConfiguration;
			baseConfigurationReference = 27EFE9D63EF4FA2A886AC6D2 /* Pods-Ameren EV HubTests.debug.xcconfig */;
			buildSettings = {
				ALWAYS_EMBED_SWIFT_STANDARD_LIBRARIES = YES;
				BUNDLE_LOADER = "$(TEST_HOST)";
				DEVELOPMENT_TEAM = 5JX6H3NBJV;
				INFOPLIST_FILE = "Ameren EV HubTests/Info.plist";
				LD_RUNPATH_SEARCH_PATHS = "$(inherited) @executable_path/Frameworks @loader_path/Frameworks";
				PRODUCT_BUNDLE_IDENTIFIER = "Ameren.Ameren-EV-HubTests";
				PRODUCT_NAME = "$(TARGET_NAME)";
				SWIFT_VERSION = 3.0;
				TEST_HOST = "$(BUILT_PRODUCTS_DIR)/Ameren EV Hub.app/Ameren EV Hub";
			};
			name = Debug;
		};
		1D7050B21ED5E11400F906F7 /* Release */ = {
			isa = XCBuildConfiguration;
			baseConfigurationReference = E71A9BFE1C52449BD076C6E7 /* Pods-Ameren EV HubTests.release.xcconfig */;
			buildSettings = {
				ALWAYS_EMBED_SWIFT_STANDARD_LIBRARIES = YES;
				BUNDLE_LOADER = "$(TEST_HOST)";
				DEVELOPMENT_TEAM = 5JX6H3NBJV;
				INFOPLIST_FILE = "Ameren EV HubTests/Info.plist";
				LD_RUNPATH_SEARCH_PATHS = "$(inherited) @executable_path/Frameworks @loader_path/Frameworks";
				PRODUCT_BUNDLE_IDENTIFIER = "Ameren.Ameren-EV-HubTests";
				PRODUCT_NAME = "$(TARGET_NAME)";
				SWIFT_VERSION = 3.0;
				TEST_HOST = "$(BUILT_PRODUCTS_DIR)/Ameren EV Hub.app/Ameren EV Hub";
			};
			name = Release;
		};
		1D7050B41ED5E11400F906F7 /* Debug */ = {
			isa = XCBuildConfiguration;
			baseConfigurationReference = F0EB800D7203DF2FC52E4142 /* Pods-Ameren EV HubUITests.debug.xcconfig */;
			buildSettings = {
				ALWAYS_EMBED_SWIFT_STANDARD_LIBRARIES = YES;
				DEVELOPMENT_TEAM = 5JX6H3NBJV;
				INFOPLIST_FILE = "Ameren EV HubUITests/Info.plist";
				LD_RUNPATH_SEARCH_PATHS = "$(inherited) @executable_path/Frameworks @loader_path/Frameworks";
				PRODUCT_BUNDLE_IDENTIFIER = "Ameren.Ameren-EV-HubUITests";
				PRODUCT_NAME = "$(TARGET_NAME)";
				SWIFT_VERSION = 3.0;
				TEST_TARGET_NAME = "Ameren EV Hub";
			};
			name = Debug;
		};
		1D7050B51ED5E11400F906F7 /* Release */ = {
			isa = XCBuildConfiguration;
			baseConfigurationReference = 4DC0091B5A9063F358D12106 /* Pods-Ameren EV HubUITests.release.xcconfig */;
			buildSettings = {
				ALWAYS_EMBED_SWIFT_STANDARD_LIBRARIES = YES;
				DEVELOPMENT_TEAM = 5JX6H3NBJV;
				INFOPLIST_FILE = "Ameren EV HubUITests/Info.plist";
				LD_RUNPATH_SEARCH_PATHS = "$(inherited) @executable_path/Frameworks @loader_path/Frameworks";
				PRODUCT_BUNDLE_IDENTIFIER = "Ameren.Ameren-EV-HubUITests";
				PRODUCT_NAME = "$(TARGET_NAME)";
				SWIFT_VERSION = 3.0;
				TEST_TARGET_NAME = "Ameren EV Hub";
			};
			name = Release;
		};
/* End XCBuildConfiguration section */

/* Begin XCConfigurationList section */
		1D7050801ED5E11300F906F7 /* Build configuration list for PBXProject "Ameren EV Hub" */ = {
			isa = XCConfigurationList;
			buildConfigurations = (
				1D7050AB1ED5E11400F906F7 /* Debug */,
				1D7050AC1ED5E11400F906F7 /* Release */,
			);
			defaultConfigurationIsVisible = 0;
			defaultConfigurationName = Release;
		};
		1D7050AD1ED5E11400F906F7 /* Build configuration list for PBXNativeTarget "Ameren EV Hub" */ = {
			isa = XCConfigurationList;
			buildConfigurations = (
				1D7050AE1ED5E11400F906F7 /* Debug */,
				1D7050AF1ED5E11400F906F7 /* Release */,
			);
			defaultConfigurationIsVisible = 0;
			defaultConfigurationName = Release;
		};
		1D7050B01ED5E11400F906F7 /* Build configuration list for PBXNativeTarget "Ameren EV HubTests" */ = {
			isa = XCConfigurationList;
			buildConfigurations = (
				1D7050B11ED5E11400F906F7 /* Debug */,
				1D7050B21ED5E11400F906F7 /* Release */,
			);
			defaultConfigurationIsVisible = 0;
			defaultConfigurationName = Release;
		};
		1D7050B31ED5E11400F906F7 /* Build configuration list for PBXNativeTarget "Ameren EV HubUITests" */ = {
			isa = XCConfigurationList;
			buildConfigurations = (
				1D7050B41ED5E11400F906F7 /* Debug */,
				1D7050B51ED5E11400F906F7 /* Release */,
			);
			defaultConfigurationIsVisible = 0;
			defaultConfigurationName = Release;
		};
/* End XCConfigurationList section */
	};
	rootObject = 1D70507D1ED5E11300F906F7 /* Project object */;
}
